<?xml version="1.0" encoding="utf-8"?>
<Project ToolsVersion="4.0" xmlns="http://schemas.microsoft.com/developer/msbuild/2003">
  <ItemGroup>
    <Filter Include="源文件">
      <UniqueIdentifier>{4FC737F1-C7A5-4376-A066-2A32D752A2FF}</UniqueIdentifier>
      <Extensions>cpp;c;cc;cxx;c++;cppm;ixx;def;odl;idl;hpj;bat;asm;asmx</Extensions>
    </Filter>
    <Filter Include="头文件">
      <UniqueIdentifier>{93995380-89BD-4b04-88EB-625FBE52EBFB}</UniqueIdentifier>
      <Extensions>h;hh;hpp;hxx;h++;hm;inl;inc;ipp;xsd</Extensions>
    </Filter>
    <Filter Include="资源文件">
      <UniqueIdentifier>{67DA6AB6-F800-4c08-8B7A-83BB121AAD01}</UniqueIdentifier>
      <Extensions>rc;ico;cur;bmp;dlg;rc2;rct;bin;rgs;gif;jpg;jpeg;jpe;resx;tiff;tif;png;wav;mfcribbon-ms</Extensions>
    </Filter>
    <Filter Include="ImGui">
      <UniqueIdentifier>{f3c351a4-c249-413f-aab9-71d17ae25d94}</UniqueIdentifier>
    </Filter>
  </ItemGroup>
  <ItemGroup>
    <ClCompile Include="src\main.cpp">
      <Filter>源文件</Filter>
    </ClCompile>
    <ClCompile Include="src\DeletionQueue.cpp">
      <Filter>源文件</Filter>
    </ClCompile>
    <ClCompile Include="src\ErisEngine.cpp">
      <Filter>源文件</Filter>
    </ClCompile>
    <ClCompile Include="src\VulkanInitializers.cpp">
      <Filter>源文件</Filter>
    </ClCompile>
    <ClCompile Include="src\VmaUsage.cpp">
      <Filter>源文件</Filter>
    </ClCompile>
    <ClCompile Include="src\VulkanPipelineBuilder.cpp">
      <Filter>源文件</Filter>
    </ClCompile>
    <ClCompile Include="src\VulkanType.cpp">
      <Filter>源文件</Filter>
    </ClCompile>
    <ClCompile Include="src\StbImageImplementation.cpp">
      <Filter>源文件</Filter>
    </ClCompile>
    <ClCompile Include="third_party\imgui-docking\imgui.cpp">
      <Filter>ImGui</Filter>
    </ClCompile>
    <ClCompile Include="third_party\imgui-docking\imgui_demo.cpp">
      <Filter>ImGui</Filter>
    </ClCompile>
    <ClCompile Include="third_party\imgui-docking\imgui_draw.cpp">
      <Filter>ImGui</Filter>
    </ClCompile>
    <ClCompile Include="third_party\imgui-docking\imgui_tables.cpp">
      <Filter>ImGui</Filter>
    </ClCompile>
    <ClCompile Include="third_party\imgui-docking\imgui_widgets.cpp">
      <Filter>ImGui</Filter>
    </ClCompile>
    <ClCompile Include="third_party\imgui-docking\backends\imgui_impl_glfw.cpp">
      <Filter>ImGui</Filter>
    </ClCompile>
    <ClCompile Include="third_party\imgui-docking\backends\imgui_impl_vulkan.cpp">
      <Filter>ImGui</Filter>
    </ClCompile>
    <ClCompile Include="src\ErisEditor.cpp">
      <Filter>源文件</Filter>
    </ClCompile>
    <ClCompile Include="src\RenderObject.cpp">
      <Filter>源文件</Filter>
    </ClCompile>
    <ClCompile Include="src\ErisWorld.cpp">
      <Filter>源文件</Filter>
    </ClCompile>
    <ClCompile Include="third_party\ImGuizmo-master\ImGuizmo.cpp">
      <Filter>ImGui</Filter>
    </ClCompile>
    <ClCompile Include="src\ErisPhysics.cpp">
      <Filter>源文件</Filter>
    </ClCompile>
  </ItemGroup>
  <ItemGroup>
    <ClInclude Include="include\ErisEngine.h">
      <Filter>头文件</Filter>
    </ClInclude>
    <ClInclude Include="include\VulkanType.h">
      <Filter>头文件</Filter>
    </ClInclude>
    <ClInclude Include="include\DeletionQueue.h">
      <Filter>头文件</Filter>
    </ClInclude>
    <ClInclude Include="include\VulkanInitializers.h">
      <Filter>头文件</Filter>
    </ClInclude>
    <ClInclude Include="include\VulkanPipelineBuilder.h">
      <Filter>头文件</Filter>
    </ClInclude>
    <ClInclude Include="include\Camera.h">
      <Filter>头文件</Filter>
    </ClInclude>
    <ClInclude Include="include\Mesh.h">
      <Filter>头文件</Filter>
    </ClInclude>
    <ClInclude Include="include\ErisEditor.h">
      <Filter>头文件</Filter>
    </ClInclude>
    <ClInclude Include="include\RenderObject.h">
      <Filter>头文件</Filter>
    </ClInclude>
    <ClInclude Include="include\ErisWorld.h">
      <Filter>头文件</Filter>
    </ClInclude>
    <ClInclude Include="include\ErisPhysics.h">
      <Filter>头文件</Filter>
    </ClInclude>
  </ItemGroup>
  <ItemGroup>
    <Text Include="CMakeLists.txt" />
  </ItemGroup>
  <ItemGroup>
    <None Include="shaders\triangle.vert" />
    <None Include="shaders\triangle.frag" />
    <None Include="packages.config" />
  </ItemGroup>
</Project>